// !$*UTF8*$!
{
	archiveVersion = 1;
	classes = {
	};
	objectVersion = 50;
	objects = {

/* Begin PBXBuildFile section */
		6BAB848024BB6A4B000E7E81 /* AppDelegate.swift in Sources */ = {isa = PBXBuildFile; fileRef = 6BAB847F24BB6A4B000E7E81 /* AppDelegate.swift */; };
		6BAB848224BB6A4B000E7E81 /* SceneDelegate.swift in Sources */ = {isa = PBXBuildFile; fileRef = 6BAB848124BB6A4B000E7E81 /* SceneDelegate.swift */; };
		6BAB848424BB6A4B000E7E81 /* ViewController.swift in Sources */ = {isa = PBXBuildFile; fileRef = 6BAB848324BB6A4B000E7E81 /* ViewController.swift */; };
		6BAB848724BB6A4B000E7E81 /* Main.storyboard in Resources */ = {isa = PBXBuildFile; fileRef = 6BAB848524BB6A4B000E7E81 /* Main.storyboard */; };
		6BAB848924BB6A4C000E7E81 /* Assets.xcassets in Resources */ = {isa = PBXBuildFile; fileRef = 6BAB848824BB6A4C000E7E81 /* Assets.xcassets */; };
		6BAB848C24BB6A4C000E7E81 /* LaunchScreen.storyboard in Resources */ = {isa = PBXBuildFile; fileRef = 6BAB848A24BB6A4C000E7E81 /* LaunchScreen.storyboard */; };
		6BAB849424BB7725000E7E81 /* ContentViewController.swift in Sources */ = {isa = PBXBuildFile; fileRef = 6BAB849324BB7725000E7E81 /* ContentViewController.swift */; };
		6BAB849624BB776B000E7E81 /* PageViewController.swift in Sources */ = {isa = PBXBuildFile; fileRef = 6BAB849524BB776B000E7E81 /* PageViewController.swift */; };
/* End PBXBuildFile section */

/* Begin PBXFileReference section */
		6BAB847C24BB6A4B000E7E81 /* PresentationMe.app */ = {isa = PBXFileReference; explicitFileType = wrapper.application; includeInIndex = 0; path = PresentationMe.app; sourceTree = BUILT_PRODUCTS_DIR; };
		6BAB847F24BB6A4B000E7E81 /* AppDelegate.swift */ = {isa = PBXFileReference; lastKnownFileType = sourcecode.swift; path = AppDelegate.swift; sourceTree = "<group>"; };
		6BAB848124BB6A4B000E7E81 /* SceneDelegate.swift */ = {isa = PBXFileReference; lastKnownFileType = sourcecode.swift; path = SceneDelegate.swift; sourceTree = "<group>"; };
		6BAB848324BB6A4B000E7E81 /* ViewController.swift */ = {isa = PBXFileReference; lastKnownFileType = sourcecode.swift; path = ViewController.swift; sourceTree = "<group>"; };
		6BAB848624BB6A4B000E7E81 /* Base */ = {isa = PBXFileReference; lastKnownFileType = file.storyboard; name = Base; path = Base.lproj/Main.storyboard; sourceTree = "<group>"; };
		6BAB848824BB6A4C000E7E81 /* Assets.xcassets */ = {isa = PBXFileReference; lastKnownFileType = folder.assetcatalog; path = Assets.xcassets; sourceTree = "<group>"; };
		6BAB848B24BB6A4C000E7E81 /* Base */ = {isa = PBXFileReference; lastKnownFileType = file.storyboard; name = Base; path = Base.lproj/LaunchScreen.storyboard; sourceTree = "<group>"; };
		6BAB848D24BB6A4C000E7E81 /* Info.plist */ = {isa = PBXFileReference; lastKnownFileType = text.plist.xml; path = Info.plist; sourceTree = "<group>"; };
		6BAB849324BB7725000E7E81 /* ContentViewController.swift */ = {isa = PBXFileReference; lastKnownFileType = sourcecode.swift; path = ContentViewController.swift; sourceTree = "<group>"; };
		6BAB849524BB776B000E7E81 /* PageViewController.swift */ = {isa = PBXFileReference; lastKnownFileType = sourcecode.swift; path = PageViewController.swift; sourceTree = "<group>"; };
/* End PBXFileReference section */

/* Begin PBXFrameworksBuildPhase section */
		6BAB847924BB6A4B000E7E81 /* Frameworks */ = {
			isa = PBXFrameworksBuildPhase;
			buildActionMask = 2147483647;
			files = (
			);
			runOnlyForDeploymentPostprocessing = 0;
		};
/* End PBXFrameworksBuildPhase section */

/* Begin PBXGroup section */
		6BAB847324BB6A4B000E7E81 = {
			isa = PBXGroup;
			children = (
				6BAB847E24BB6A4B000E7E81 /* PresentationMe */,
				6BAB847D24BB6A4B000E7E81 /* Products */,
			);
			sourceTree = "<group>";
		};
		6BAB847D24BB6A4B000E7E81 /* Products */ = {
			isa = PBXGroup;
			children = (
				6BAB847C24BB6A4B000E7E81 /* PresentationMe.app */,
			);
			name = Products;
			sourceTree = "<group>";
		};
		6BAB847E24BB6A4B000E7E81 /* PresentationMe */ = {
			isa = PBXGroup;
			children = (
				6BAB847F24BB6A4B000E7E81 /* AppDelegate.swift */,
				6BAB848124BB6A4B000E7E81 /* SceneDelegate.swift */,
				6BAB848324BB6A4B000E7E81 /* ViewController.swift */,
				6BAB849324BB7725000E7E81 /* ContentViewController.swift */,
				6BAB849524BB776B000E7E81 /* PageViewController.swift */,
				6BAB848524BB6A4B000E7E81 /* Main.storyboard */,
				6BAB848824BB6A4C000E7E81 /* Assets.xcassets */,
				6BAB848A24BB6A4C000E7E81 /* LaunchScreen.storyboard */,
				6BAB848D24BB6A4C000E7E81 /* Info.plist */,
			);
			path = PresentationMe;
			sourceTree = "<group>";
		};
/* End PBXGroup section */

/* Begin PBXNativeTarget section */
		6BAB847B24BB6A4B000E7E81 /* PresentationMe */ = {
			isa = PBXNativeTarget;
			buildConfigurationList = 6BAB849024BB6A4C000E7E81 /* Build configuration list for PBXNativeTarget "PresentationMe" */;
			buildPhases = (
				6BAB847824BB6A4B000E7E81 /* Sources */,
				6BAB847924BB6A4B000E7E81 /* Frameworks */,
				6BAB847A24BB6A4B000E7E81 /* Resources */,
			);
			buildRules = (
			);
			dependencies = (
			);
			name = PresentationMe;
			productName = PresentationMe;
			productReference = 6BAB847C24BB6A4B000E7E81 /* PresentationMe.app */;
			productType = "com.apple.product-type.application";
		};
/* End PBXNativeTarget section */

/* Begin PBXProject section */
		6BAB847424BB6A4B000E7E81 /* Project object */ = {
			isa = PBXProject;
			attributes = {
				LastSwiftUpdateCheck = 1150;
				LastUpgradeCheck = 1150;
				ORGANIZATIONNAME = "Eugene Kiselev";
				TargetAttributes = {
					6BAB847B24BB6A4B000E7E81 = {
						CreatedOnToolsVersion = 11.5;
					};
				};
			};
			buildConfigurationList = 6BAB847724BB6A4B000E7E81 /* Build configuration list for PBXProject "PresentationMe" */;
			compatibilityVersion = "Xcode 9.3";
			developmentRegion = en;
			hasScannedForEncodings = 0;
			knownRegions = (
				en,
				Base,
			);
			mainGroup = 6BAB847324BB6A4B000E7E81;
			productRefGroup = 6BAB847D24BB6A4B000E7E81 /* Products */;
			projectDirPath = "";
			projectRoot = "";
			targets = (
				6BAB847B24BB6A4B000E7E81 /* PresentationMe */,
			);
		};
/* End PBXProject section */

/* Begin PBXResourcesBuildPhase section */
		6BAB847A24BB6A4B000E7E81 /* Resources */ = {
			isa = PBXResourcesBuildPhase;
			buildActionMask = 2147483647;
			files = (
				6BAB848C24BB6A4C000E7E81 /* LaunchScreen.storyboard in Resources */,
				6BAB848924BB6A4C000E7E81 /* Assets.xcassets in Resources */,
				6BAB848724BB6A4B000E7E81 /* Main.storyboard in Resources */,
			);
			runOnlyForDeploymentPostprocessing = 0;
		};
/* End PBXResourcesBuildPhase section */

/* Begin PBXSourcesBuildPhase section */
		6BAB847824BB6A4B000E7E81 /* Sources */ = {
			isa = PBXSourcesBuildPhase;
			buildActionMask = 2147483647;
			files = (
				6BAB849424BB7725000E7E81 /* ContentViewController.swift in Sources */,
				6BAB849624BB776B000E7E81 /* PageViewController.swift in Sources */,
				6BAB848424BB6A4B000E7E81 /* ViewController.swift in Sources */,
				6BAB848024BB6A4B000E7E81 /* AppDelegate.swift in Sources */,
				6BAB848224BB6A4B000E7E81 /* SceneDelegate.swift in Sources */,
			);
			runOnlyForDeploymentPostprocessing = 0;
		};
/* End PBXSourcesBuildPhase section */

/* Begin PBXVariantGroup section */
		6BAB848524BB6A4B000E7E81 /* Main.storyboard */ = {
			isa = PBXVariantGroup;
			children = (
				6BAB848624BB6A4B000E7E81 /* Base */,
			);
			name = Main.storyboard;
			sourceTree = "<group>";
		};
		6BAB848A24BB6A4C000E7E81 /* LaunchScreen.storyboard */ = {
			isa = PBXVariantGroup;
			children = (
				6BAB848B24BB6A4C000E7E81 /* Base */,
			);
			name = LaunchScreen.storyboard;
			sourceTree = "<group>";
		};
/* End PBXVariantGroup section */

/* Begin XCBuildConfiguration section */
		6BAB848E24BB6A4C000E7E81 /* Debug */ = {
			isa = XCBuildConfiguration;
			buildSettings = {
				ALWAYS_SEARCH_USER_PATHS = NO;
				CLANG_ANALYZER_NONNULL = YES;
				CLANG_ANALYZER_NUMBER_OBJECT_CONVERSION = YES_AGGRESSIVE;
				CLANG_CXX_LANGUAGE_STANDARD = "gnu++14";
				CLANG_CXX_LIBRARY = "libc++";
				CLANG_ENABLE_MODULES = YES;
				CLANG_ENABLE_OBJC_ARC = YES;
				CLANG_ENABLE_OBJC_WEAK = YES;
				CLANG_WARN_BLOCK_CAPTURE_AUTORELEASING = YES;
				CLANG_WARN_BOOL_CONVERSION = YES;
				CLANG_WARN_COMMA = YES;
				CLANG_WARN_CONSTANT_CONVERSION = YES;
				CLANG_WARN_DEPRECATED_OBJC_IMPLEMENTATIONS = YES;
				CLANG_WARN_DIRECT_OBJC_ISA_USAGE = YES_ERROR;
				CLANG_WARN_DOCUMENTATION_COMMENTS = YES;
				CLANG_WARN_EMPTY_BODY = YES;
				CLANG_WARN_ENUM_CONVERSION = YES;
				CLANG_WARN_INFINITE_RECURSION = YES;
				CLANG_WARN_INT_CONVERSION = YES;
				CLANG_WARN_NON_LITERAL_NULL_CONVERSION = YES;
				CLANG_WARN_OBJC_IMPLICIT_RETAIN_SELF = YES;
				CLANG_WARN_OBJC_LITERAL_CONVERSION = YES;
				CLANG_WARN_OBJC_ROOT_CLASS = YES_ERROR;
				CLANG_WARN_RANGE_LOOP_ANALYSIS = YES;
				CLANG_WARN_STRICT_PROTOTYPES = YES;
				CLANG_WARN_SUSPICIOUS_MOVE = YES;
				CLANG_WARN_UNGUARDED_AVAILABILITY = YES_AGGRESSIVE;
				CLANG_WARN_UNREACHABLE_CODE = YES;
				CLANG_WARN__DUPLICATE_METHOD_MATCH = YES;
				COPY_PHASE_STRIP = NO;
				DEBUG_INFORMATION_FORMAT = dwarf;
				ENABLE_STRICT_OBJC_MSGSEND = YES;
				ENABLE_TESTABILITY = YES;
				GCC_C_LANGUAGE_STANDARD = gnu11;
				GCC_DYNAMIC_NO_PIC = NO;
				GCC_NO_COMMON_BLOCKS = YES;
				GCC_OPTIMIZATION_LEVEL = 0;
				GCC_PREPROCESSOR_DEFINITIONS = (
					"DEBUG=1",
					"$(inherited)",
				);
				GCC_WARN_64_TO_32_BIT_CONVERSION = YES;
				GCC_WARN_ABOUT_RETURN_TYPE = YES_ERROR;
				GCC_WARN_UNDECLARED_SELECTOR = YES;
				GCC_WARN_UNINITIALIZED_AUTOS = YES_AGGRESSIVE;
				GCC_WARN_UNUSED_FUNCTION = YES;
				GCC_WARN_UNUSED_VARIABLE = YES;
				IPHONEOS_DEPLOYMENT_TARGET = 13.5;
				MTL_ENABLE_DEBUG_INFO = INCLUDE_SOURCE;
				MTL_FAST_MATH = YES;
				ONLY_ACTIVE_ARCH = YES;
				SDKROOT = iphoneos;
				SWIFT_ACTIVE_COMPILATION_CONDITIONS = DEBUG;
				SWIFT_OPTIMIZATION_LEVEL = "-Onone";
			};
			name = Debug;
		};
		6BAB848F24BB6A4C000E7E81 /* Release */ = {
			isa = XCBuildConfiguration;
			buildSettings = {
				ALWAYS_SEARCH_USER_PATHS = NO;
				CLANG_ANALYZER_NONNULL = YES;
				CLANG_ANALYZER_NUMBER_OBJECT_CONVERSION = YES_AGGRESSIVE;
				CLANG_CXX_LANGUAGE_STANDARD = "gnu++14";
				CLANG_CXX_LIBRARY = "libc++";
				CLANG_ENABLE_MODULES = YES;
				CLANG_ENABLE_OBJC_ARC = YES;
				CLANG_ENABLE_OBJC_WEAK = YES;
				CLANG_WARN_BLOCK_CAPTURE_AUTORELEASING = YES;
				CLANG_WARN_BOOL_CONVERSION = YES;
				CLANG_WARN_COMMA = YES;
				CLANG_WARN_CONSTANT_CONVERSION = YES;
				CLANG_WARN_DEPRECATED_OBJC_IMPLEMENTATIONS = YES;
				CLANG_WARN_DIRECT_OBJC_ISA_USAGE = YES_ERROR;
				CLANG_WARN_DOCUMENTATION_COMMENTS = YES;
				CLANG_WARN_EMPTY_BODY = YES;
				CLANG_WARN_ENUM_CONVERSION = YES;
				CLANG_WARN_INFINITE_RECURSION = YES;
				CLANG_WARN_INT_CONVERSION = YES;
				CLANG_WARN_NON_LITERAL_NULL_CONVERSION = YES;
				CLANG_WARN_OBJC_IMPLICIT_RETAIN_SELF = YES;
				CLANG_WARN_OBJC_LITERAL_CONVERSION = YES;
				CLANG_WARN_OBJC_ROOT_CLASS = YES_ERROR;
				CLANG_WARN_RANGE_LOOP_ANALYSIS = YES;
				CLANG_WARN_STRICT_PROTOTYPES = YES;
				CLANG_WARN_SUSPICIOUS_MOVE = YES;
				CLANG_WARN_UNGUARDED_AVAILABILITY = YES_AGGRESSIVE;
				CLANG_WARN_UNREACHABLE_CODE = YES;
				CLANG_WARN__DUPLICATE_METHOD_MATCH = YES;
				COPY_PHASE_STRIP = NO;
				DEBUG_INFORMATION_FORMAT = "dwarf-with-dsym";
				ENABLE_NS_ASSERTIONS = NO;
				ENABLE_STRICT_OBJC_MSGSEND = YES;
				GCC_C_LANGUAGE_STANDARD = gnu11;
				GCC_NO_COMMON_BLOCKS = YES;
				GCC_WARN_64_TO_32_BIT_CONVERSION = YES;
				GCC_WARN_ABOUT_RETURN_TYPE = YES_ERROR;
				GCC_WARN_UNDECLARED_SELECTOR = YES;
				GCC_WARN_UNINITIALIZED_AUTOS = YES_AGGRESSIVE;
				GCC_WARN_UNUSED_FUNCTION = YES;
				GCC_WARN_UNUSED_VARIABLE = YES;
				IPHONEOS_DEPLOYMENT_TARGET = 13.5;
				MTL_ENABLE_DEBUG_INFO = NO;
				MTL_FAST_MATH = YES;
				SDKROOT = iphoneos;
				SWIFT_COMPILATION_MODE = wholemodule;
				SWIFT_OPTIMIZATION_LEVEL = "-O";
				VALIDATE_PRODUCT = YES;
			};
			name = Release;
		};
		6BAB849124BB6A4C000E7E81 /* Debug */ = {
			isa = XCBuildConfiguration;
			buildSettings = {
				ASSETCATALOG_COMPILER_APPICON_NAME = AppIcon;
				CODE_SIGN_STYLE = Automatic;
				DEVELOPMENT_TEAM = L2PAJC487U;
				INFOPLIST_FILE = PresentationMe/Info.plist;
				LD_RUNPATH_SEARCH_PATHS = (
					"$(inherited)",
					"@executable_path/Frameworks",
				);
				PRODUCT_BUNDLE_IDENTIFIER = kiseleff.PresentationMe;
				PRODUCT_NAME = "$(TARGET_NAME)";
				SWIFT_VERSION = 5.0;
				TARGETED_DEVICE_FAMILY = 1;
			};
			name = Debug;
		};
		6BAB849224BB6A4C000E7E81 /* Release */ = {
			isa = XCBuildConfiguration;
			buildSettings = {
				ASSETCATALOG_COMPILER_APPICON_NAME = AppIcon;
				CODE_SIGN_STYLE = Automatic;
				DEVELOPMENT_TEAM = L2PAJC487U;
				INFOPLIST_FILE = PresentationMe/Info.plist;
				LD_RUNPATH_SEARCH_PATHS = (
					"$(inherited)",
					"@executable_path/Frameworks",
				);
				PRODUCT_BUNDLE_IDENTIFIER = kiseleff.PresentationMe;
				PRODUCT_NAME = "$(TARGET_NAME)";
				SWIFT_VERSION = 5.0;
				TARGETED_DEVICE_FAMILY = 1;
			};
			name = Release;
		};
/* End XCBuildConfiguration section */

/* Begin XCConfigurationList section */
		6BAB847724BB6A4B000E7E81 /* Build configuration list for PBXProject "PresentationMe" */ = {
			isa = XCConfigurationList;
			buildConfigurations = (
				6BAB848E24BB6A4C000E7E81 /* Debug */,
				6BAB848F24BB6A4C000E7E81 /* Release */,
			);
			defaultConfigurationIsVisible = 0;
			defaultConfigurationName = Release;
		};
		6BAB849024BB6A4C000E7E81 /* Build configuration list for PBXNativeTarget "PresentationMe" */ = {
			isa = XCConfigurationList;
			buildConfigurations = (
				6BAB849124BB6A4C000E7E81 /* Debug */,
				6BAB849224BB6A4C000E7E81 /* Release */,
			);
			defaultConfigurationIsVisible = 0;
			defaultConfigurationName = Release;
		};
/* End XCConfigurationList section */
	};
	rootObject = 6BAB847424BB6A4B000E7E81 /* Project object */;
}
